
Microsoft Visual Studio Solution File, Format Version 12.00
# Visual Studio Version 17
VisualStudioVersion = 17.0.31903.59
MinimumVisualStudioVersion = 10.0.40219.1
Project("{FAE04EC0-301F-11D3-BF4B-00C04F79EFBC}") = "SaveDocuments", "SaveDocuments\SaveDocuments.csproj", "{BCE095DA-8CA8-41C6-91C5-715833AECAE0}"
EndProject
Global
	GlobalSection(SolutionConfigurationPlatforms) = preSolution
		Debug|Any CPU = Debug|Any CPU
		Release|Any CPU = Release|Any CPU
	EndGlobalSection
	GlobalSection(ProjectConfigurationPlatforms) = postSolution
		{BCE095DA-8CA8-41C6-91C5-715833AECAE0}.Debug|Any CPU.ActiveCfg = Debug|Any CPU
		{BCE095DA-8CA8-41C6-91C5-715833AECAE0}.Debug|Any CPU.Build.0 = Debug|Any CPU
		{BCE095DA-8CA8-41C6-91C5-715833AECAE0}.Release|Any CPU.ActiveCfg = Release|Any CPU
		{BCE095DA-8CA8-41C6-91C5-715833AECAE0}.Release|Any CPU.Build.0 = Release|Any CPU
	EndGlobalSection
	GlobalSection(SolutionProperties) = preSolution
		HideSolutionNode = FALSE
	EndGlobalSection
	GlobalSection(ExtensibilityGlobals) = postSolution
		SolutionGuid = {94EB75D6-B8C1-498A-B381-CFC7FEEA7897}
	EndGlobalSection
EndGlobal
